// !$*UTF8*$!
{
	archiveVersion = 1;
	classes = {
	};
	objectVersion = 51;
	objects = {

/* Begin PBXBuildFile section */
		B3712FD88C9D26272135262C /* Pods_dz_462.framework in Frameworks */ = {isa = PBXBuildFile; fileRef = 0C79999323F2058F67D4F0B1 /* Pods_dz_462.framework */; };
		CEEF2DE4278EB832004916AC /* AppDelegate.swift in Sources */ = {isa = PBXBuildFile; fileRef = CEEF2DE3278EB832004916AC /* AppDelegate.swift */; };
		CEEF2DE6278EB832004916AC /* SceneDelegate.swift in Sources */ = {isa = PBXBuildFile; fileRef = CEEF2DE5278EB832004916AC /* SceneDelegate.swift */; };
		CEEF2DE8278EB832004916AC /* ViewController.swift in Sources */ = {isa = PBXBuildFile; fileRef = CEEF2DE7278EB832004916AC /* ViewController.swift */; };
		CEEF2DEB278EB832004916AC /* Main.storyboard in Resources */ = {isa = PBXBuildFile; fileRef = CEEF2DE9278EB832004916AC /* Main.storyboard */; };
		CEEF2DED278EB835004916AC /* Assets.xcassets in Resources */ = {isa = PBXBuildFile; fileRef = CEEF2DEC278EB835004916AC /* Assets.xcassets */; };
		CEEF2DF0278EB835004916AC /* LaunchScreen.storyboard in Resources */ = {isa = PBXBuildFile; fileRef = CEEF2DEE278EB835004916AC /* LaunchScreen.storyboard */; };
		CEEF2DF8278EB996004916AC /* BookCell.swift in Sources */ = {isa = PBXBuildFile; fileRef = CEEF2DF7278EB996004916AC /* BookCell.swift */; };
		CEEF2DFA278ED948004916AC /* BookModel.swift in Sources */ = {isa = PBXBuildFile; fileRef = CEEF2DF9278ED948004916AC /* BookModel.swift */; };
		CEEF2DFC278F281E004916AC /* CustonButton.swift in Sources */ = {isa = PBXBuildFile; fileRef = CEEF2DFB278F281E004916AC /* CustonButton.swift */; };
/* End PBXBuildFile section */

/* Begin PBXFileReference section */
		0C79999323F2058F67D4F0B1 /* Pods_dz_462.framework */ = {isa = PBXFileReference; explicitFileType = wrapper.framework; includeInIndex = 0; path = Pods_dz_462.framework; sourceTree = BUILT_PRODUCTS_DIR; };
		334FD99A640DF6B99B459D31 /* Pods-dz-462.debug.xcconfig */ = {isa = PBXFileReference; includeInIndex = 1; lastKnownFileType = text.xcconfig; name = "Pods-dz-462.debug.xcconfig"; path = "Target Support Files/Pods-dz-462/Pods-dz-462.debug.xcconfig"; sourceTree = "<group>"; };
		A0050758018DC5E86DC65AB5 /* Pods-dz-462.release.xcconfig */ = {isa = PBXFileReference; includeInIndex = 1; lastKnownFileType = text.xcconfig; name = "Pods-dz-462.release.xcconfig"; path = "Target Support Files/Pods-dz-462/Pods-dz-462.release.xcconfig"; sourceTree = "<group>"; };
		CEEF2DE0278EB832004916AC /* dz-462.app */ = {isa = PBXFileReference; explicitFileType = wrapper.application; includeInIndex = 0; path = "dz-462.app"; sourceTree = BUILT_PRODUCTS_DIR; };
		CEEF2DE3278EB832004916AC /* AppDelegate.swift */ = {isa = PBXFileReference; lastKnownFileType = sourcecode.swift; path = AppDelegate.swift; sourceTree = "<group>"; };
		CEEF2DE5278EB832004916AC /* SceneDelegate.swift */ = {isa = PBXFileReference; lastKnownFileType = sourcecode.swift; path = SceneDelegate.swift; sourceTree = "<group>"; };
		CEEF2DE7278EB832004916AC /* ViewController.swift */ = {isa = PBXFileReference; lastKnownFileType = sourcecode.swift; path = ViewController.swift; sourceTree = "<group>"; };
		CEEF2DEA278EB832004916AC /* Base */ = {isa = PBXFileReference; lastKnownFileType = file.storyboard; name = Base; path = Base.lproj/Main.storyboard; sourceTree = "<group>"; };
		CEEF2DEC278EB835004916AC /* Assets.xcassets */ = {isa = PBXFileReference; lastKnownFileType = folder.assetcatalog; path = Assets.xcassets; sourceTree = "<group>"; };
		CEEF2DEF278EB835004916AC /* Base */ = {isa = PBXFileReference; lastKnownFileType = file.storyboard; name = Base; path = Base.lproj/LaunchScreen.storyboard; sourceTree = "<group>"; };
		CEEF2DF1278EB835004916AC /* Info.plist */ = {isa = PBXFileReference; lastKnownFileType = text.plist.xml; path = Info.plist; sourceTree = "<group>"; };
		CEEF2DF7278EB996004916AC /* BookCell.swift */ = {isa = PBXFileReference; lastKnownFileType = sourcecode.swift; path = BookCell.swift; sourceTree = "<group>"; };
		CEEF2DF9278ED948004916AC /* BookModel.swift */ = {isa = PBXFileReference; lastKnownFileType = sourcecode.swift; path = BookModel.swift; sourceTree = "<group>"; };
		CEEF2DFB278F281E004916AC /* CustonButton.swift */ = {isa = PBXFileReference; lastKnownFileType = sourcecode.swift; path = CustonButton.swift; sourceTree = "<group>"; };
/* End PBXFileReference section */

/* Begin PBXFrameworksBuildPhase section */
		CEEF2DDD278EB832004916AC /* Frameworks */ = {
			isa = PBXFrameworksBuildPhase;
			buildActionMask = 2147483647;
			files = (
				B3712FD88C9D26272135262C /* Pods_dz_462.framework in Frameworks */,
			);
			runOnlyForDeploymentPostprocessing = 0;
		};
/* End PBXFrameworksBuildPhase section */

/* Begin PBXGroup section */
		3FBDBB9DA2E2D54649CC8321 /* Pods */ = {
			isa = PBXGroup;
			children = (
				334FD99A640DF6B99B459D31 /* Pods-dz-462.debug.xcconfig */,
				A0050758018DC5E86DC65AB5 /* Pods-dz-462.release.xcconfig */,
			);
			path = Pods;
			sourceTree = "<group>";
		};
		CEEF2DD7278EB832004916AC = {
			isa = PBXGroup;
			children = (
				CEEF2DE2278EB832004916AC /* dz-462 */,
				CEEF2DE1278EB832004916AC /* Products */,
				3FBDBB9DA2E2D54649CC8321 /* Pods */,
				D9B99CA7705C7B0A27B1C57E /* Frameworks */,
			);
			sourceTree = "<group>";
		};
		CEEF2DE1278EB832004916AC /* Products */ = {
			isa = PBXGroup;
			children = (
				CEEF2DE0278EB832004916AC /* dz-462.app */,
			);
			name = Products;
			sourceTree = "<group>";
		};
		CEEF2DE2278EB832004916AC /* dz-462 */ = {
			isa = PBXGroup;
			children = (
				CEEF2DE3278EB832004916AC /* AppDelegate.swift */,
				CEEF2DE5278EB832004916AC /* SceneDelegate.swift */,
				CEEF2DE7278EB832004916AC /* ViewController.swift */,
				CEEF2DE9278EB832004916AC /* Main.storyboard */,
				CEEF2DEC278EB835004916AC /* Assets.xcassets */,
				CEEF2DEE278EB835004916AC /* LaunchScreen.storyboard */,
				CEEF2DF1278EB835004916AC /* Info.plist */,
				CEEF2DF7278EB996004916AC /* BookCell.swift */,
				CEEF2DF9278ED948004916AC /* BookModel.swift */,
				CEEF2DFB278F281E004916AC /* CustonButton.swift */,
			);
			path = "dz-462";
			sourceTree = "<group>";
		};
		D9B99CA7705C7B0A27B1C57E /* Frameworks */ = {
			isa = PBXGroup;
			children = (
				0C79999323F2058F67D4F0B1 /* Pods_dz_462.framework */,
			);
			name = Frameworks;
			sourceTree = "<group>";
		};
/* End PBXGroup section */

/* Begin PBXNativeTarget section */
		CEEF2DDF278EB832004916AC /* dz-462 */ = {
			isa = PBXNativeTarget;
			buildConfigurationList = CEEF2DF4278EB835004916AC /* Build configuration list for PBXNativeTarget "dz-462" */;
			buildPhases = (
				536357FDFBDCE907F995E765 /* [CP] Check Pods Manifest.lock */,
				CEEF2DDC278EB832004916AC /* Sources */,
				CEEF2DDD278EB832004916AC /* Frameworks */,
				CEEF2DDE278EB832004916AC /* Resources */,
				76EAC744A1A478233EAA8DCE /* [CP] Embed Pods Frameworks */,
			);
			buildRules = (
			);
			dependencies = (
			);
			name = "dz-462";
			productName = "dz-462";
			productReference = CEEF2DE0278EB832004916AC /* dz-462.app */;
			productType = "com.apple.product-type.application";
		};
/* End PBXNativeTarget section */

/* Begin PBXProject section */
		CEEF2DD8278EB832004916AC /* Project object */ = {
			isa = PBXProject;
			attributes = {
				LastSwiftUpdateCheck = 1250;
				LastUpgradeCheck = 1250;
				TargetAttributes = {
					CEEF2DDF278EB832004916AC = {
						CreatedOnToolsVersion = 12.5;
					};
				};
			};
			buildConfigurationList = CEEF2DDB278EB832004916AC /* Build configuration list for PBXProject "dz-462" */;
			compatibilityVersion = "Xcode 9.3";
			developmentRegion = en;
			hasScannedForEncodings = 0;
			knownRegions = (
				en,
				Base,
			);
			mainGroup = CEEF2DD7278EB832004916AC;
			productRefGroup = CEEF2DE1278EB832004916AC /* Products */;
			projectDirPath = "";
			projectRoot = "";
			targets = (
				CEEF2DDF278EB832004916AC /* dz-462 */,
			);
		};
/* End PBXProject section */

/* Begin PBXResourcesBuildPhase section */
		CEEF2DDE278EB832004916AC /* Resources */ = {
			isa = PBXResourcesBuildPhase;
			buildActionMask = 2147483647;
			files = (
				CEEF2DF0278EB835004916AC /* LaunchScreen.storyboard in Resources */,
				CEEF2DED278EB835004916AC /* Assets.xcassets in Resources */,
				CEEF2DEB278EB832004916AC /* Main.storyboard in Resources */,
			);
			runOnlyForDeploymentPostprocessing = 0;
		};
/* End PBXResourcesBuildPhase section */

/* Begin PBXShellScriptBuildPhase section */
		536357FDFBDCE907F995E765 /* [CP] Check Pods Manifest.lock */ = {
			isa = PBXShellScriptBuildPhase;
			buildActionMask = 2147483647;
			files = (
			);
			inputFileListPaths = (
			);
			inputPaths = (
				"${PODS_PODFILE_DIR_PATH}/Podfile.lock",
				"${PODS_ROOT}/Manifest.lock",
			);
			name = "[CP] Check Pods Manifest.lock";
			outputFileListPaths = (
			);
			outputPaths = (
				"$(DERIVED_FILE_DIR)/Pods-dz-462-checkManifestLockResult.txt",
			);
			runOnlyForDeploymentPostprocessing = 0;
			shellPath = /bin/sh;
			shellScript = "diff \"${PODS_PODFILE_DIR_PATH}/Podfile.lock\" \"${PODS_ROOT}/Manifest.lock\" > /dev/null\nif [ $? != 0 ] ; then\n    # print error to STDERR\n    echo \"error: The sandbox is not in sync with the Podfile.lock. Run 'pod install' or update your CocoaPods installation.\" >&2\n    exit 1\nfi\n# This output is used by Xcode 'outputs' to avoid re-running this script phase.\necho \"SUCCESS\" > \"${SCRIPT_OUTPUT_FILE_0}\"\n";
			showEnvVarsInLog = 0;
		};
		76EAC744A1A478233EAA8DCE /* [CP] Embed Pods Frameworks */ = {
			isa = PBXShellScriptBuildPhase;
			buildActionMask = 2147483647;
			files = (
			);
			inputFileListPaths = (
				"${PODS_ROOT}/Target Support Files/Pods-dz-462/Pods-dz-462-frameworks-${CONFIGURATION}-input-files.xcfilelist",
			);
			name = "[CP] Embed Pods Frameworks";
			outputFileListPaths = (
				"${PODS_ROOT}/Target Support Files/Pods-dz-462/Pods-dz-462-frameworks-${CONFIGURATION}-output-files.xcfilelist",
			);
			runOnlyForDeploymentPostprocessing = 0;
			shellPath = /bin/sh;
			shellScript = "\"${PODS_ROOT}/Target Support Files/Pods-dz-462/Pods-dz-462-frameworks.sh\"\n";
			showEnvVarsInLog = 0;
		};
/* End PBXShellScriptBuildPhase section */

/* Begin PBXSourcesBuildPhase section */
		CEEF2DDC278EB832004916AC /* Sources */ = {
			isa = PBXSourcesBuildPhase;
			buildActionMask = 2147483647;
			files = (
				CEEF2DF8278EB996004916AC /* BookCell.swift in Sources */,
				CEEF2DE8278EB832004916AC /* ViewController.swift in Sources */,
				CEEF2DFA278ED948004916AC /* BookModel.swift in Sources */,
				CEEF2DFC278F281E004916AC /* CustonButton.swift in Sources */,
				CEEF2DE4278EB832004916AC /* AppDelegate.swift in Sources */,
				CEEF2DE6278EB832004916AC /* SceneDelegate.swift in Sources */,
			);
			runOnlyForDeploymentPostprocessing = 0;
		};
/* End PBXSourcesBuildPhase section */

/* Begin PBXVariantGroup section */
		CEEF2DE9278EB832004916AC /* Main.storyboard */ = {
			isa = PBXVariantGroup;
			children = (
				CEEF2DEA278EB832004916AC /* Base */,
			);
			name = Main.storyboard;
			sourceTree = "<group>";
		};
		CEEF2DEE278EB835004916AC /* LaunchScreen.storyboard */ = {
			isa = PBXVariantGroup;
			children = (
				CEEF2DEF278EB835004916AC /* Base */,
			);
			name = LaunchScreen.storyboard;
			sourceTree = "<group>";
		};
/* End PBXVariantGroup section */

/* Begin XCBuildConfiguration section */
		CEEF2DF2278EB835004916AC /* Debug */ = {
			isa = XCBuildConfiguration;
			buildSettings = {
				ALWAYS_SEARCH_USER_PATHS = NO;
				CLANG_ANALYZER_NONNULL = YES;
				CLANG_ANALYZER_NUMBER_OBJECT_CONVERSION = YES_AGGRESSIVE;
				CLANG_CXX_LANGUAGE_STANDARD = "gnu++14";
				CLANG_CXX_LIBRARY = "libc++";
				CLANG_ENABLE_MODULES = YES;
				CLANG_ENABLE_OBJC_ARC = YES;
				CLANG_ENABLE_OBJC_WEAK = YES;
				CLANG_WARN_BLOCK_CAPTURE_AUTORELEASING = YES;
				CLANG_WARN_BOOL_CONVERSION = YES;
				CLANG_WARN_COMMA = YES;
				CLANG_WARN_CONSTANT_CONVERSION = YES;
				CLANG_WARN_DEPRECATED_OBJC_IMPLEMENTATIONS = YES;
				CLANG_WARN_DIRECT_OBJC_ISA_USAGE = YES_ERROR;
				CLANG_WARN_DOCUMENTATION_COMMENTS = YES;
				CLANG_WARN_EMPTY_BODY = YES;
				CLANG_WARN_ENUM_CONVERSION = YES;
				CLANG_WARN_INFINITE_RECURSION = YES;
				CLANG_WARN_INT_CONVERSION = YES;
				CLANG_WARN_NON_LITERAL_NULL_CONVERSION = YES;
				CLANG_WARN_OBJC_IMPLICIT_RETAIN_SELF = YES;
				CLANG_WARN_OBJC_LITERAL_CONVERSION = YES;
				CLANG_WARN_OBJC_ROOT_CLASS = YES_ERROR;
				CLANG_WARN_QUOTED_INCLUDE_IN_FRAMEWORK_HEADER = YES;
				CLANG_WARN_RANGE_LOOP_ANALYSIS = YES;
				CLANG_WARN_STRICT_PROTOTYPES = YES;
				CLANG_WARN_SUSPICIOUS_MOVE = YES;
				CLANG_WARN_UNGUARDED_AVAILABILITY = YES_AGGRESSIVE;
				CLANG_WARN_UNREACHABLE_CODE = YES;
				CLANG_WARN__DUPLICATE_METHOD_MATCH = YES;
				COPY_PHASE_STRIP = NO;
				DEBUG_INFORMATION_FORMAT = dwarf;
				ENABLE_STRICT_OBJC_MSGSEND = YES;
				ENABLE_TESTABILITY = YES;
				GCC_C_LANGUAGE_STANDARD = gnu11;
				GCC_DYNAMIC_NO_PIC = NO;
				GCC_NO_COMMON_BLOCKS = YES;
				GCC_OPTIMIZATION_LEVEL = 0;
				GCC_PREPROCESSOR_DEFINITIONS = (
					"DEBUG=1",
					"$(inherited)",
				);
				GCC_WARN_64_TO_32_BIT_CONVERSION = YES;
				GCC_WARN_ABOUT_RETURN_TYPE = YES_ERROR;
				GCC_WARN_UNDECLARED_SELECTOR = YES;
				GCC_WARN_UNINITIALIZED_AUTOS = YES_AGGRESSIVE;
				GCC_WARN_UNUSED_FUNCTION = YES;
				GCC_WARN_UNUSED_VARIABLE = YES;
				IPHONEOS_DEPLOYMENT_TARGET = 14.5;
				MTL_ENABLE_DEBUG_INFO = INCLUDE_SOURCE;
				MTL_FAST_MATH = YES;
				ONLY_ACTIVE_ARCH = YES;
				SDKROOT = iphoneos;
				SWIFT_ACTIVE_COMPILATION_CONDITIONS = DEBUG;
				SWIFT_OPTIMIZATION_LEVEL = "-Onone";
			};
			name = Debug;
		};
		CEEF2DF3278EB835004916AC /* Release */ = {
			isa = XCBuildConfiguration;
			buildSettings = {
				ALWAYS_SEARCH_USER_PATHS = NO;
				CLANG_ANALYZER_NONNULL = YES;
				CLANG_ANALYZER_NUMBER_OBJECT_CONVERSION = YES_AGGRESSIVE;
				CLANG_CXX_LANGUAGE_STANDARD = "gnu++14";
				CLANG_CXX_LIBRARY = "libc++";
				CLANG_ENABLE_MODULES = YES;
				CLANG_ENABLE_OBJC_ARC = YES;
				CLANG_ENABLE_OBJC_WEAK = YES;
				CLANG_WARN_BLOCK_CAPTURE_AUTORELEASING = YES;
				CLANG_WARN_BOOL_CONVERSION = YES;
				CLANG_WARN_COMMA = YES;
				CLANG_WARN_CONSTANT_CONVERSION = YES;
				CLANG_WARN_DEPRECATED_OBJC_IMPLEMENTATIONS = YES;
				CLANG_WARN_DIRECT_OBJC_ISA_USAGE = YES_ERROR;
				CLANG_WARN_DOCUMENTATION_COMMENTS = YES;
				CLANG_WARN_EMPTY_BODY = YES;
				CLANG_WARN_ENUM_CONVERSION = YES;
				CLANG_WARN_INFINITE_RECURSION = YES;
				CLANG_WARN_INT_CONVERSION = YES;
				CLANG_WARN_NON_LITERAL_NULL_CONVERSION = YES;
				CLANG_WARN_OBJC_IMPLICIT_RETAIN_SELF = YES;
				CLANG_WARN_OBJC_LITERAL_CONVERSION = YES;
				CLANG_WARN_OBJC_ROOT_CLASS = YES_ERROR;
				CLANG_WARN_QUOTED_INCLUDE_IN_FRAMEWORK_HEADER = YES;
				CLANG_WARN_RANGE_LOOP_ANALYSIS = YES;
				CLANG_WARN_STRICT_PROTOTYPES = YES;
				CLANG_WARN_SUSPICIOUS_MOVE = YES;
				CLANG_WARN_UNGUARDED_AVAILABILITY = YES_AGGRESSIVE;
				CLANG_WARN_UNREACHABLE_CODE = YES;
				CLANG_WARN__DUPLICATE_METHOD_MATCH = YES;
				COPY_PHASE_STRIP = NO;
				DEBUG_INFORMATION_FORMAT = "dwarf-with-dsym";
				ENABLE_NS_ASSERTIONS = NO;
				ENABLE_STRICT_OBJC_MSGSEND = YES;
				GCC_C_LANGUAGE_STANDARD = gnu11;
				GCC_NO_COMMON_BLOCKS = YES;
				GCC_WARN_64_TO_32_BIT_CONVERSION = YES;
				GCC_WARN_ABOUT_RETURN_TYPE = YES_ERROR;
				GCC_WARN_UNDECLARED_SELECTOR = YES;
				GCC_WARN_UNINITIALIZED_AUTOS = YES_AGGRESSIVE;
				GCC_WARN_UNUSED_FUNCTION = YES;
				GCC_WARN_UNUSED_VARIABLE = YES;
				IPHONEOS_DEPLOYMENT_TARGET = 14.5;
				MTL_ENABLE_DEBUG_INFO = NO;
				MTL_FAST_MATH = YES;
				SDKROOT = iphoneos;
				SWIFT_COMPILATION_MODE = wholemodule;
				SWIFT_OPTIMIZATION_LEVEL = "-O";
				VALIDATE_PRODUCT = YES;
			};
			name = Release;
		};
		CEEF2DF5278EB835004916AC /* Debug */ = {
			isa = XCBuildConfiguration;
			baseConfigurationReference = 334FD99A640DF6B99B459D31 /* Pods-dz-462.debug.xcconfig */;
			buildSettings = {
				ASSETCATALOG_COMPILER_APPICON_NAME = AppIcon;
				ASSETCATALOG_COMPILER_GLOBAL_ACCENT_COLOR_NAME = AccentColor;
				CODE_SIGN_STYLE = Automatic;
				INFOPLIST_FILE = "dz-462/Info.plist";
				LD_RUNPATH_SEARCH_PATHS = (
					"$(inherited)",
					"@executable_path/Frameworks",
				);
				PRODUCT_BUNDLE_IDENTIFIER = "Ainur.dz-462";
				PRODUCT_NAME = "$(TARGET_NAME)";
				SWIFT_VERSION = 5.0;
				TARGETED_DEVICE_FAMILY = "1,2";
			};
			name = Debug;
		};
		CEEF2DF6278EB835004916AC /* Release */ = {
			isa = XCBuildConfiguration;
			baseConfigurationReference = A0050758018DC5E86DC65AB5 /* Pods-dz-462.release.xcconfig */;
			buildSettings = {
				ASSETCATALOG_COMPILER_APPICON_NAME = AppIcon;
				ASSETCATALOG_COMPILER_GLOBAL_ACCENT_COLOR_NAME = AccentColor;
				CODE_SIGN_STYLE = Automatic;
				INFOPLIST_FILE = "dz-462/Info.plist";
				LD_RUNPATH_SEARCH_PATHS = (
					"$(inherited)",
					"@executable_path/Frameworks",
				);
				PRODUCT_BUNDLE_IDENTIFIER = "Ainur.dz-462";
				PRODUCT_NAME = "$(TARGET_NAME)";
				SWIFT_VERSION = 5.0;
				TARGETED_DEVICE_FAMILY = "1,2";
			};
			name = Release;
		};
/* End XCBuildConfiguration section */

/* Begin XCConfigurationList section */
		CEEF2DDB278EB832004916AC /* Build configuration list for PBXProject "dz-462" */ = {
			isa = XCConfigurationList;
			buildConfigurations = (
				CEEF2DF2278EB835004916AC /* Debug */,
				CEEF2DF3278EB835004916AC /* Release */,
			);
			defaultConfigurationIsVisible = 0;
			defaultConfigurationName = Release;
		};
		CEEF2DF4278EB835004916AC /* Build configuration list for PBXNativeTarget "dz-462" */ = {
			isa = XCConfigurationList;
			buildConfigurations = (
				CEEF2DF5278EB835004916AC /* Debug */,
				CEEF2DF6278EB835004916AC /* Release */,
			);
			defaultConfigurationIsVisible = 0;
			defaultConfigurationName = Release;
		};
/* End XCConfigurationList section */
	};
	rootObject = CEEF2DD8278EB832004916AC /* Project object */;
}
